
Microsoft Visual Studio Solution File, Format Version 12.00
# Visual Studio Version 17
VisualStudioVersion = 17.8.34525.116
MinimumVisualStudioVersion = 10.0.40219.1
Project("{FAE04EC0-301F-11D3-BF4B-00C04F79EFBC}") = "KodlamaIO", "KodlamaIO\KodlamaIO.csproj", "{3AE150CC-79D3-4AE5-A750-B94FA99A0B0F}"
EndProject
Global
	GlobalSection(SolutionConfigurationPlatforms) = preSolution
		Debug|Any CPU = Debug|Any CPU
		Release|Any CPU = Release|Any CPU
	EndGlobalSection
	GlobalSection(ProjectConfigurationPlatforms) = postSolution
		{3AE150CC-79D3-4AE5-A750-B94FA99A0B0F}.Debug|Any CPU.ActiveCfg = Debug|Any CPU
		{3AE150CC-79D3-4AE5-A750-B94FA99A0B0F}.Debug|Any CPU.Build.0 = Debug|Any CPU
		{3AE150CC-79D3-4AE5-A750-B94FA99A0B0F}.Release|Any CPU.ActiveCfg = Release|Any CPU
		{3AE150CC-79D3-4AE5-A750-B94FA99A0B0F}.Release|Any CPU.Build.0 = Release|Any CPU
	EndGlobalSection
	GlobalSection(SolutionProperties) = preSolution
		HideSolutionNode = FALSE
	EndGlobalSection
	GlobalSection(ExtensibilityGlobals) = postSolution
		SolutionGuid = {41C3114D-7BB1-4FD3-AB1E-054DFDBF2AC2}
	EndGlobalSection
EndGlobal
